
Microsoft Visual Studio Solution File, Format Version 12.00
# Visual Studio Version 17
VisualStudioVersion = 17.4.33403.182
MinimumVisualStudioVersion = 10.0.40219.1
Project("{FAE04EC0-301F-11D3-BF4B-00C04F79EFBC}") = "CSV_Token_Tool", "CSV_Token_Tool.csproj", "{99CAA1D9-7FA5-473F-AA90-54FADA22D405}"
EndProject
Project("{FAE04EC0-301F-11D3-BF4B-00C04F79EFBC}") = "CSVTokenOperations", "..\CSVTokenOperations\CSVTokenOperations.csproj", "{864ED6DA-8ABF-4377-A078-8558B23A8ED8}"
EndProject
Global
	GlobalSection(SolutionConfigurationPlatforms) = preSolution
		Debug|Any CPU = Debug|Any CPU
		Release|Any CPU = Release|Any CPU
	EndGlobalSection
	GlobalSection(ProjectConfigurationPlatforms) = postSolution
		{99CAA1D9-7FA5-473F-AA90-54FADA22D405}.Debug|Any CPU.ActiveCfg = Debug|Any CPU
		{99CAA1D9-7FA5-473F-AA90-54FADA22D405}.Debug|Any CPU.Build.0 = Debug|Any CPU
		{99CAA1D9-7FA5-473F-AA90-54FADA22D405}.Release|Any CPU.ActiveCfg = Release|Any CPU
		{99CAA1D9-7FA5-473F-AA90-54FADA22D405}.Release|Any CPU.Build.0 = Release|Any CPU
		{864ED6DA-8ABF-4377-A078-8558B23A8ED8}.Debug|Any CPU.ActiveCfg = Debug|Any CPU
		{864ED6DA-8ABF-4377-A078-8558B23A8ED8}.Debug|Any CPU.Build.0 = Debug|Any CPU
		{864ED6DA-8ABF-4377-A078-8558B23A8ED8}.Release|Any CPU.ActiveCfg = Release|Any CPU
		{864ED6DA-8ABF-4377-A078-8558B23A8ED8}.Release|Any CPU.Build.0 = Release|Any CPU
	EndGlobalSection
	GlobalSection(SolutionProperties) = preSolution
		HideSolutionNode = FALSE
	EndGlobalSection
	GlobalSection(ExtensibilityGlobals) = postSolution
		SolutionGuid = {42EB9083-5A49-4A5D-935F-6E62C11FC708}
	EndGlobalSection
EndGlobal
